
Microsoft Visual Studio Solution File, Format Version 12.00
# Visual Studio Version 17
VisualStudioVersion = 17.5.33414.496
MinimumVisualStudioVersion = 10.0.40219.1
Project("{8BC9CEB8-8B4A-11D0-8D11-00A0C91BC942}") = "PracticalWeek2", "PracticalWeek2\PracticalWeek2.vcxproj", "{99F2B713-6106-494C-8866-14BDD607F814}"
EndProject
Global
	GlobalSection(SolutionConfigurationPlatforms) = preSolution
		Debug|x64 = Debug|x64
		Debug|x86 = Debug|x86
		Release|x64 = Release|x64
		Release|x86 = Release|x86
	EndGlobalSection
	GlobalSection(ProjectConfigurationPlatforms) = postSolution
		{99F2B713-6106-494C-8866-14BDD607F814}.Debug|x64.ActiveCfg = Debug|x64
		{99F2B713-6106-494C-8866-14BDD607F814}.Debug|x64.Build.0 = Debug|x64
		{99F2B713-6106-494C-8866-14BDD607F814}.Debug|x86.ActiveCfg = Debug|Win32
		{99F2B713-6106-494C-8866-14BDD607F814}.Debug|x86.Build.0 = Debug|Win32
		{99F2B713-6106-494C-8866-14BDD607F814}.Release|x64.ActiveCfg = Release|x64
		{99F2B713-6106-494C-8866-14BDD607F814}.Release|x64.Build.0 = Release|x64
		{99F2B713-6106-494C-8866-14BDD607F814}.Release|x86.ActiveCfg = Release|Win32
		{99F2B713-6106-494C-8866-14BDD607F814}.Release|x86.Build.0 = Release|Win32
	EndGlobalSection
	GlobalSection(SolutionProperties) = preSolution
		HideSolutionNode = FALSE
	EndGlobalSection
	GlobalSection(ExtensibilityGlobals) = postSolution
		SolutionGuid = {1AEC08D2-15FD-4545-B3CE-45529389346D}
	EndGlobalSection
EndGlobal
